
Microsoft Visual Studio Solution File, Format Version 12.00
# Visual Studio Version 16
VisualStudioVersion = 25.0.1706.14
MinimumVisualStudioVersion = 10.0.40219.1
Project("{FAE04EC0-301F-11D3-BF4B-00C04F79EFBC}") = "IOWABacked", "IOWABacked.csproj", "{31801052-B048-4A5B-9E1D-464774D0FE69}"
EndProject
Global
	GlobalSection(SolutionConfigurationPlatforms) = preSolution
		Debug|Any CPU = Debug|Any CPU
		Release|Any CPU = Release|Any CPU
	EndGlobalSection
	GlobalSection(ProjectConfigurationPlatforms) = postSolution
		{31801052-B048-4A5B-9E1D-464774D0FE69}.Debug|Any CPU.ActiveCfg = Debug|Any CPU
		{31801052-B048-4A5B-9E1D-464774D0FE69}.Debug|Any CPU.Build.0 = Debug|Any CPU
		{31801052-B048-4A5B-9E1D-464774D0FE69}.Release|Any CPU.ActiveCfg = Release|Any CPU
		{31801052-B048-4A5B-9E1D-464774D0FE69}.Release|Any CPU.Build.0 = Release|Any CPU
	EndGlobalSection
	GlobalSection(SolutionProperties) = preSolution
		HideSolutionNode = FALSE
	EndGlobalSection
	GlobalSection(ExtensibilityGlobals) = postSolution
		SolutionGuid = {543D49A6-3AB7-49AA-9AAF-04955315242E}
	EndGlobalSection
EndGlobal
